// !$*UTF8*$!
{
	archiveVersion = 1;
	classes = {
	};
	objectVersion = 46;
	objects = {

/* Begin PBXBuildFile section */
		FA08E7AB17A437AB00EA989B /* UIKit.framework in Frameworks */ = {isa = PBXBuildFile; fileRef = FA08E7AA17A437AB00EA989B /* UIKit.framework */; };
		FA08E7AD17A437AB00EA989B /* Foundation.framework in Frameworks */ = {isa = PBXBuildFile; fileRef = FA08E7AC17A437AB00EA989B /* Foundation.framework */; };
		FA08E7AF17A437AB00EA989B /* CoreGraphics.framework in Frameworks */ = {isa = PBXBuildFile; fileRef = FA08E7AE17A437AB00EA989B /* CoreGraphics.framework */; };
		FA08E7B517A437AB00EA989B /* InfoPlist.strings in Resources */ = {isa = PBXBuildFile; fileRef = FA08E7B317A437AB00EA989B /* InfoPlist.strings */; };
		FA08E7B717A437AB00EA989B /* main.m in Sources */ = {isa = PBXBuildFile; fileRef = FA08E7B617A437AB00EA989B /* main.m */; };
		FA08E7BB17A437AB00EA989B /* AppDelegate.m in Sources */ = {isa = PBXBuildFile; fileRef = FA08E7BA17A437AB00EA989B /* AppDelegate.m */; };
		FA08E7BD17A437AB00EA989B /* Default.png in Resources */ = {isa = PBXBuildFile; fileRef = FA08E7BC17A437AB00EA989B /* Default.png */; };
		FA08E7BF17A437AB00EA989B /* Default@2x.png in Resources */ = {isa = PBXBuildFile; fileRef = FA08E7BE17A437AB00EA989B /* Default@2x.png */; };
		FA08E7C117A437AB00EA989B /* Default-568h@2x.png in Resources */ = {isa = PBXBuildFile; fileRef = FA08E7C017A437AB00EA989B /* Default-568h@2x.png */; };
		FA08E7C417A437AB00EA989B /* MainStoryboard_iPhone.storyboard in Resources */ = {isa = PBXBuildFile; fileRef = FA08E7C217A437AB00EA989B /* MainStoryboard_iPhone.storyboard */; };
		FA08E7C717A437AB00EA989B /* MainStoryboard_iPad.storyboard in Resources */ = {isa = PBXBuildFile; fileRef = FA08E7C517A437AB00EA989B /* MainStoryboard_iPad.storyboard */; };
		FA08E7CA17A437AB00EA989B /* ViewController.m in Sources */ = {isa = PBXBuildFile; fileRef = FA08E7C917A437AB00EA989B /* ViewController.m */; };
		FA08E7D217A437AB00EA989B /* SenTestingKit.framework in Frameworks */ = {isa = PBXBuildFile; fileRef = FA08E7D117A437AB00EA989B /* SenTestingKit.framework */; };
		FA08E7D317A437AB00EA989B /* UIKit.framework in Frameworks */ = {isa = PBXBuildFile; fileRef = FA08E7AA17A437AB00EA989B /* UIKit.framework */; };
		FA08E7D417A437AB00EA989B /* Foundation.framework in Frameworks */ = {isa = PBXBuildFile; fileRef = FA08E7AC17A437AB00EA989B /* Foundation.framework */; };
		FA08E7DC17A437AB00EA989B /* InfoPlist.strings in Resources */ = {isa = PBXBuildFile; fileRef = FA08E7DA17A437AB00EA989B /* InfoPlist.strings */; };
		FA08E7DF17A437AB00EA989B /* Hershey_sTests.m in Sources */ = {isa = PBXBuildFile; fileRef = FA08E7DE17A437AB00EA989B /* Hershey_sTests.m */; };
/* End PBXBuildFile section */

/* Begin PBXContainerItemProxy section */
		FA08E7D517A437AB00EA989B /* PBXContainerItemProxy */ = {
			isa = PBXContainerItemProxy;
			containerPortal = FA08E79F17A437AB00EA989B /* Project object */;
			proxyType = 1;
			remoteGlobalIDString = FA08E7A617A437AB00EA989B;
			remoteInfo = "Hershey's";
		};
/* End PBXContainerItemProxy section */

/* Begin PBXFileReference section */
		FA08E7A717A437AB00EA989B /* Hershey's.app */ = {isa = PBXFileReference; explicitFileType = wrapper.application; includeInIndex = 0; path = "Hershey's.app"; sourceTree = BUILT_PRODUCTS_DIR; };
		FA08E7AA17A437AB00EA989B /* UIKit.framework */ = {isa = PBXFileReference; lastKnownFileType = wrapper.framework; name = UIKit.framework; path = System/Library/Frameworks/UIKit.framework; sourceTree = SDKROOT; };
		FA08E7AC17A437AB00EA989B /* Foundation.framework */ = {isa = PBXFileReference; lastKnownFileType = wrapper.framework; name = Foundation.framework; path = System/Library/Frameworks/Foundation.framework; sourceTree = SDKROOT; };
		FA08E7AE17A437AB00EA989B /* CoreGraphics.framework */ = {isa = PBXFileReference; lastKnownFileType = wrapper.framework; name = CoreGraphics.framework; path = System/Library/Frameworks/CoreGraphics.framework; sourceTree = SDKROOT; };
		FA08E7B217A437AB00EA989B /* Hershey's-Info.plist */ = {isa = PBXFileReference; lastKnownFileType = text.plist.xml; path = "Hershey's-Info.plist"; sourceTree = "<group>"; };
		FA08E7B417A437AB00EA989B /* en */ = {isa = PBXFileReference; lastKnownFileType = text.plist.strings; name = en; path = en.lproj/InfoPlist.strings; sourceTree = "<group>"; };
		FA08E7B617A437AB00EA989B /* main.m */ = {isa = PBXFileReference; lastKnownFileType = sourcecode.c.objc; path = main.m; sourceTree = "<group>"; };
		FA08E7B817A437AB00EA989B /* Hershey's-Prefix.pch */ = {isa = PBXFileReference; lastKnownFileType = sourcecode.c.h; path = "Hershey's-Prefix.pch"; sourceTree = "<group>"; };
		FA08E7B917A437AB00EA989B /* AppDelegate.h */ = {isa = PBXFileReference; lastKnownFileType = sourcecode.c.h; path = AppDelegate.h; sourceTree = "<group>"; };
		FA08E7BA17A437AB00EA989B /* AppDelegate.m */ = {isa = PBXFileReference; lastKnownFileType = sourcecode.c.objc; path = AppDelegate.m; sourceTree = "<group>"; };
		FA08E7BC17A437AB00EA989B /* Default.png */ = {isa = PBXFileReference; lastKnownFileType = image.png; path = Default.png; sourceTree = "<group>"; };
		FA08E7BE17A437AB00EA989B /* Default@2x.png */ = {isa = PBXFileReference; lastKnownFileType = image.png; path = "Default@2x.png"; sourceTree = "<group>"; };
		FA08E7C017A437AB00EA989B /* Default-568h@2x.png */ = {isa = PBXFileReference; lastKnownFileType = image.png; path = "Default-568h@2x.png"; sourceTree = "<group>"; };
		FA08E7C317A437AB00EA989B /* en */ = {isa = PBXFileReference; lastKnownFileType = file.storyboard; name = en; path = en.lproj/MainStoryboard_iPhone.storyboard; sourceTree = "<group>"; };
		FA08E7C617A437AB00EA989B /* en */ = {isa = PBXFileReference; lastKnownFileType = file.storyboard; name = en; path = en.lproj/MainStoryboard_iPad.storyboard; sourceTree = "<group>"; };
		FA08E7C817A437AB00EA989B /* ViewController.h */ = {isa = PBXFileReference; lastKnownFileType = sourcecode.c.h; path = ViewController.h; sourceTree = "<group>"; };
		FA08E7C917A437AB00EA989B /* ViewController.m */ = {isa = PBXFileReference; lastKnownFileType = sourcecode.c.objc; path = ViewController.m; sourceTree = "<group>"; };
		FA08E7D017A437AB00EA989B /* Hershey'sTests.octest */ = {isa = PBXFileReference; explicitFileType = wrapper.cfbundle; includeInIndex = 0; path = "Hershey'sTests.octest"; sourceTree = BUILT_PRODUCTS_DIR; };
		FA08E7D117A437AB00EA989B /* SenTestingKit.framework */ = {isa = PBXFileReference; lastKnownFileType = wrapper.framework; name = SenTestingKit.framework; path = Library/Frameworks/SenTestingKit.framework; sourceTree = DEVELOPER_DIR; };
		FA08E7D917A437AB00EA989B /* Hershey'sTests-Info.plist */ = {isa = PBXFileReference; lastKnownFileType = text.plist.xml; path = "Hershey'sTests-Info.plist"; sourceTree = "<group>"; };
		FA08E7DB17A437AB00EA989B /* en */ = {isa = PBXFileReference; lastKnownFileType = text.plist.strings; name = en; path = en.lproj/InfoPlist.strings; sourceTree = "<group>"; };
		FA08E7DD17A437AB00EA989B /* Hershey_sTests.h */ = {isa = PBXFileReference; lastKnownFileType = sourcecode.c.h; path = Hershey_sTests.h; sourceTree = "<group>"; };
		FA08E7DE17A437AB00EA989B /* Hershey_sTests.m */ = {isa = PBXFileReference; lastKnownFileType = sourcecode.c.objc; path = Hershey_sTests.m; sourceTree = "<group>"; };
/* End PBXFileReference section */

/* Begin PBXFrameworksBuildPhase section */
		FA08E7A417A437AB00EA989B /* Frameworks */ = {
			isa = PBXFrameworksBuildPhase;
			buildActionMask = 2147483647;
			files = (
				FA08E7AB17A437AB00EA989B /* UIKit.framework in Frameworks */,
				FA08E7AD17A437AB00EA989B /* Foundation.framework in Frameworks */,
				FA08E7AF17A437AB00EA989B /* CoreGraphics.framework in Frameworks */,
			);
			runOnlyForDeploymentPostprocessing = 0;
		};
		FA08E7CC17A437AB00EA989B /* Frameworks */ = {
			isa = PBXFrameworksBuildPhase;
			buildActionMask = 2147483647;
			files = (
				FA08E7D217A437AB00EA989B /* SenTestingKit.framework in Frameworks */,
				FA08E7D317A437AB00EA989B /* UIKit.framework in Frameworks */,
				FA08E7D417A437AB00EA989B /* Foundation.framework in Frameworks */,
			);
			runOnlyForDeploymentPostprocessing = 0;
		};
/* End PBXFrameworksBuildPhase section */

/* Begin PBXGroup section */
		FA08E79E17A437AB00EA989B = {
			isa = PBXGroup;
			children = (
				FA08E7B017A437AB00EA989B /* Hershey's */,
				FA08E7D717A437AB00EA989B /* Hershey'sTests */,
				FA08E7A917A437AB00EA989B /* Frameworks */,
				FA08E7A817A437AB00EA989B /* Products */,
			);
			sourceTree = "<group>";
		};
		FA08E7A817A437AB00EA989B /* Products */ = {
			isa = PBXGroup;
			children = (
				FA08E7A717A437AB00EA989B /* Hershey's.app */,
				FA08E7D017A437AB00EA989B /* Hershey'sTests.octest */,
			);
			name = Products;
			sourceTree = "<group>";
		};
		FA08E7A917A437AB00EA989B /* Frameworks */ = {
			isa = PBXGroup;
			children = (
				FA08E7AA17A437AB00EA989B /* UIKit.framework */,
				FA08E7AC17A437AB00EA989B /* Foundation.framework */,
				FA08E7AE17A437AB00EA989B /* CoreGraphics.framework */,
				FA08E7D117A437AB00EA989B /* SenTestingKit.framework */,
			);
			name = Frameworks;
			sourceTree = "<group>";
		};
		FA08E7B017A437AB00EA989B /* Hershey's */ = {
			isa = PBXGroup;
			children = (
				FA08E7B917A437AB00EA989B /* AppDelegate.h */,
				FA08E7BA17A437AB00EA989B /* AppDelegate.m */,
				FA08E7C217A437AB00EA989B /* MainStoryboard_iPhone.storyboard */,
				FA08E7C517A437AB00EA989B /* MainStoryboard_iPad.storyboard */,
				FA08E7C817A437AB00EA989B /* ViewController.h */,
				FA08E7C917A437AB00EA989B /* ViewController.m */,
				FA08E7B117A437AB00EA989B /* Supporting Files */,
			);
			path = "Hershey's";
			sourceTree = "<group>";
		};
		FA08E7B117A437AB00EA989B /* Supporting Files */ = {
			isa = PBXGroup;
			children = (
				FA08E7B217A437AB00EA989B /* Hershey's-Info.plist */,
				FA08E7B317A437AB00EA989B /* InfoPlist.strings */,
				FA08E7B617A437AB00EA989B /* main.m */,
				FA08E7B817A437AB00EA989B /* Hershey's-Prefix.pch */,
				FA08E7BC17A437AB00EA989B /* Default.png */,
				FA08E7BE17A437AB00EA989B /* Default@2x.png */,
				FA08E7C017A437AB00EA989B /* Default-568h@2x.png */,
			);
			name = "Supporting Files";
			sourceTree = "<group>";
		};
		FA08E7D717A437AB00EA989B /* Hershey'sTests */ = {
			isa = PBXGroup;
			children = (
				FA08E7DD17A437AB00EA989B /* Hershey_sTests.h */,
				FA08E7DE17A437AB00EA989B /* Hershey_sTests.m */,
				FA08E7D817A437AB00EA989B /* Supporting Files */,
			);
			path = "Hershey'sTests";
			sourceTree = "<group>";
		};
		FA08E7D817A437AB00EA989B /* Supporting Files */ = {
			isa = PBXGroup;
			children = (
				FA08E7D917A437AB00EA989B /* Hershey'sTests-Info.plist */,
				FA08E7DA17A437AB00EA989B /* InfoPlist.strings */,
			);
			name = "Supporting Files";
			sourceTree = "<group>";
		};
/* End PBXGroup section */

/* Begin PBXNativeTarget section */
		FA08E7A617A437AB00EA989B /* Hershey's */ = {
			isa = PBXNativeTarget;
			buildConfigurationList = FA08E7E217A437AB00EA989B /* Build configuration list for PBXNativeTarget "Hershey's" */;
			buildPhases = (
				FA08E7A317A437AB00EA989B /* Sources */,
				FA08E7A417A437AB00EA989B /* Frameworks */,
				FA08E7A517A437AB00EA989B /* Resources */,
			);
			buildRules = (
			);
			dependencies = (
			);
			name = "Hershey's";
			productName = "Hershey's";
			productReference = FA08E7A717A437AB00EA989B /* Hershey's.app */;
			productType = "com.apple.product-type.application";
		};
		FA08E7CF17A437AB00EA989B /* Hershey'sTests */ = {
			isa = PBXNativeTarget;
			buildConfigurationList = FA08E7E517A437AB00EA989B /* Build configuration list for PBXNativeTarget "Hershey'sTests" */;
			buildPhases = (
				FA08E7CB17A437AB00EA989B /* Sources */,
				FA08E7CC17A437AB00EA989B /* Frameworks */,
				FA08E7CD17A437AB00EA989B /* Resources */,
				FA08E7CE17A437AB00EA989B /* ShellScript */,
			);
			buildRules = (
			);
			dependencies = (
				FA08E7D617A437AB00EA989B /* PBXTargetDependency */,
			);
			name = "Hershey'sTests";
			productName = "Hershey'sTests";
			productReference = FA08E7D017A437AB00EA989B /* Hershey'sTests.octest */;
			productType = "com.apple.product-type.bundle";
		};
/* End PBXNativeTarget section */

/* Begin PBXProject section */
		FA08E79F17A437AB00EA989B /* Project object */ = {
			isa = PBXProject;
			attributes = {
				LastUpgradeCheck = 0460;
				ORGANIZATIONNAME = "Vijay Sridhar";
			};
			buildConfigurationList = FA08E7A217A437AB00EA989B /* Build configuration list for PBXProject "Hershey's" */;
			compatibilityVersion = "Xcode 3.2";
			developmentRegion = English;
			hasScannedForEncodings = 0;
			knownRegions = (
				en,
			);
			mainGroup = FA08E79E17A437AB00EA989B;
			productRefGroup = FA08E7A817A437AB00EA989B /* Products */;
			projectDirPath = "";
			projectRoot = "";
			targets = (
				FA08E7A617A437AB00EA989B /* Hershey's */,
				FA08E7CF17A437AB00EA989B /* Hershey'sTests */,
			);
		};
/* End PBXProject section */

/* Begin PBXResourcesBuildPhase section */
		FA08E7A517A437AB00EA989B /* Resources */ = {
			isa = PBXResourcesBuildPhase;
			buildActionMask = 2147483647;
			files = (
				FA08E7B517A437AB00EA989B /* InfoPlist.strings in Resources */,
				FA08E7BD17A437AB00EA989B /* Default.png in Resources */,
				FA08E7BF17A437AB00EA989B /* Default@2x.png in Resources */,
				FA08E7C117A437AB00EA989B /* Default-568h@2x.png in Resources */,
				FA08E7C417A437AB00EA989B /* MainStoryboard_iPhone.storyboard in Resources */,
				FA08E7C717A437AB00EA989B /* MainStoryboard_iPad.storyboard in Resources */,
			);
			runOnlyForDeploymentPostprocessing = 0;
		};
		FA08E7CD17A437AB00EA989B /* Resources */ = {
			isa = PBXResourcesBuildPhase;
			buildActionMask = 2147483647;
			files = (
				FA08E7DC17A437AB00EA989B /* InfoPlist.strings in Resources */,
			);
			runOnlyForDeploymentPostprocessing = 0;
		};
/* End PBXResourcesBuildPhase section */

/* Begin PBXShellScriptBuildPhase section */
		FA08E7CE17A437AB00EA989B /* ShellScript */ = {
			isa = PBXShellScriptBuildPhase;
			buildActionMask = 2147483647;
			files = (
			);
			inputPaths = (
			);
			outputPaths = (
			);
			runOnlyForDeploymentPostprocessing = 0;
			shellPath = /bin/sh;
			shellScript = "# Run the unit tests in this test bundle.\n\"${SYSTEM_DEVELOPER_DIR}/Tools/RunUnitTests\"\n";
		};
/* End PBXShellScriptBuildPhase section */

/* Begin PBXSourcesBuildPhase section */
		FA08E7A317A437AB00EA989B /* Sources */ = {
			isa = PBXSourcesBuildPhase;
			buildActionMask = 2147483647;
			files = (
				FA08E7B717A437AB00EA989B /* main.m in Sources */,
				FA08E7BB17A437AB00EA989B /* AppDelegate.m in Sources */,
				FA08E7CA17A437AB00EA989B /* ViewController.m in Sources */,
			);
			runOnlyForDeploymentPostprocessing = 0;
		};
		FA08E7CB17A437AB00EA989B /* Sources */ = {
			isa = PBXSourcesBuildPhase;
			buildActionMask = 2147483647;
			files = (
				FA08E7DF17A437AB00EA989B /* Hershey_sTests.m in Sources */,
			);
			runOnlyForDeploymentPostprocessing = 0;
		};
/* End PBXSourcesBuildPhase section */

/* Begin PBXTargetDependency section */
		FA08E7D617A437AB00EA989B /* PBXTargetDependency */ = {
			isa = PBXTargetDependency;
			target = FA08E7A617A437AB00EA989B /* Hershey's */;
			targetProxy = FA08E7D517A437AB00EA989B /* PBXContainerItemProxy */;
		};
/* End PBXTargetDependency section */

/* Begin PBXVariantGroup section */
		FA08E7B317A437AB00EA989B /* InfoPlist.strings */ = {
			isa = PBXVariantGroup;
			children = (
				FA08E7B417A437AB00EA989B /* en */,
			);
			name = InfoPlist.strings;
			sourceTree = "<group>";
		};
		FA08E7C217A437AB00EA989B /* MainStoryboard_iPhone.storyboard */ = {
			isa = PBXVariantGroup;
			children = (
				FA08E7C317A437AB00EA989B /* en */,
			);
			name = MainStoryboard_iPhone.storyboard;
			sourceTree = "<group>";
		};
		FA08E7C517A437AB00EA989B /* MainStoryboard_iPad.storyboard */ = {
			isa = PBXVariantGroup;
			children = (
				FA08E7C617A437AB00EA989B /* en */,
			);
			name = MainStoryboard_iPad.storyboard;
			sourceTree = "<group>";
		};
		FA08E7DA17A437AB00EA989B /* InfoPlist.strings */ = {
			isa = PBXVariantGroup;
			children = (
				FA08E7DB17A437AB00EA989B /* en */,
			);
			name = InfoPlist.strings;
			sourceTree = "<group>";
		};
/* End PBXVariantGroup section */

/* Begin XCBuildConfiguration section */
		FA08E7E017A437AB00EA989B /* Debug */ = {
			isa = XCBuildConfiguration;
			buildSettings = {
				ALWAYS_SEARCH_USER_PATHS = NO;
				CLANG_CXX_LANGUAGE_STANDARD = "gnu++0x";
				CLANG_CXX_LIBRARY = "libc++";
				CLANG_ENABLE_OBJC_ARC = YES;
				CLANG_WARN_CONSTANT_CONVERSION = YES;
				CLANG_WARN_EMPTY_BODY = YES;
				CLANG_WARN_ENUM_CONVERSION = YES;
				CLANG_WARN_INT_CONVERSION = YES;
				CLANG_WARN__DUPLICATE_METHOD_MATCH = YES;
				"CODE_SIGN_IDENTITY[sdk=iphoneos*]" = "iPhone Developer";
				COPY_PHASE_STRIP = NO;
				GCC_C_LANGUAGE_STANDARD = gnu99;
				GCC_DYNAMIC_NO_PIC = NO;
				GCC_OPTIMIZATION_LEVEL = 0;
				GCC_PREPROCESSOR_DEFINITIONS = (
					"DEBUG=1",
					"$(inherited)",
				);
				GCC_SYMBOLS_PRIVATE_EXTERN = NO;
				GCC_WARN_ABOUT_RETURN_TYPE = YES;
				GCC_WARN_UNINITIALIZED_AUTOS = YES;
				GCC_WARN_UNUSED_VARIABLE = YES;
				IPHONEOS_DEPLOYMENT_TARGET = 6.1;
				ONLY_ACTIVE_ARCH = YES;
				SDKROOT = iphoneos;
				TARGETED_DEVICE_FAMILY = "1,2";
			};
			name = Debug;
		};
		FA08E7E117A437AB00EA989B /* Release */ = {
			isa = XCBuildConfiguration;
			buildSettings = {
				ALWAYS_SEARCH_USER_PATHS = NO;
				CLANG_CXX_LANGUAGE_STANDARD = "gnu++0x";
				CLANG_CXX_LIBRARY = "libc++";
				CLANG_ENABLE_OBJC_ARC = YES;
				CLANG_WARN_CONSTANT_CONVERSION = YES;
				CLANG_WARN_EMPTY_BODY = YES;
				CLANG_WARN_ENUM_CONVERSION = YES;
				CLANG_WARN_INT_CONVERSION = YES;
				CLANG_WARN__DUPLICATE_METHOD_MATCH = YES;
				"CODE_SIGN_IDENTITY[sdk=iphoneos*]" = "iPhone Developer";
				COPY_PHASE_STRIP = YES;
				GCC_C_LANGUAGE_STANDARD = gnu99;
				GCC_WARN_ABOUT_RETURN_TYPE = YES;
				GCC_WARN_UNINITIALIZED_AUTOS = YES;
				GCC_WARN_UNUSED_VARIABLE = YES;
				IPHONEOS_DEPLOYMENT_TARGET = 6.1;
				OTHER_CFLAGS = "-DNS_BLOCK_ASSERTIONS=1";
				SDKROOT = iphoneos;
				TARGETED_DEVICE_FAMILY = "1,2";
				VALIDATE_PRODUCT = YES;
			};
			name = Release;
		};
		FA08E7E317A437AB00EA989B /* Debug */ = {
			isa = XCBuildConfiguration;
			buildSettings = {
				GCC_PRECOMPILE_PREFIX_HEADER = YES;
				GCC_PREFIX_HEADER = "Hershey's/Hershey's-Prefix.pch";
				INFOPLIST_FILE = "Hershey's/Hershey's-Info.plist";
				PRODUCT_NAME = "$(TARGET_NAME)";
				WRAPPER_EXTENSION = app;
			};
			name = Debug;
		};
		FA08E7E417A437AB00EA989B /* Release */ = {
			isa = XCBuildConfiguration;
			buildSettings = {
				GCC_PRECOMPILE_PREFIX_HEADER = YES;
				GCC_PREFIX_HEADER = "Hershey's/Hershey's-Prefix.pch";
				INFOPLIST_FILE = "Hershey's/Hershey's-Info.plist";
				PRODUCT_NAME = "$(TARGET_NAME)";
				WRAPPER_EXTENSION = app;
			};
			name = Release;
		};
		FA08E7E617A437AB00EA989B /* Debug */ = {
			isa = XCBuildConfiguration;
			buildSettings = {
				BUNDLE_LOADER = "$(BUILT_PRODUCTS_DIR)/Hershey's.app/Hershey's";
				FRAMEWORK_SEARCH_PATHS = (
					"\"$(SDKROOT)/Developer/Library/Frameworks\"",
					"\"$(DEVELOPER_LIBRARY_DIR)/Frameworks\"",
				);
				GCC_PRECOMPILE_PREFIX_HEADER = YES;
				GCC_PREFIX_HEADER = "Hershey's/Hershey's-Prefix.pch";
				INFOPLIST_FILE = "Hershey'sTests/Hershey'sTests-Info.plist";
				PRODUCT_NAME = "$(TARGET_NAME)";
				TEST_HOST = "$(BUNDLE_LOADER)";
				WRAPPER_EXTENSION = octest;
			};
			name = Debug;
		};
		FA08E7E717A437AB00EA989B /* Release */ = {
			isa = XCBuildConfiguration;
			buildSettings = {
				BUNDLE_LOADER = "$(BUILT_PRODUCTS_DIR)/Hershey's.app/Hershey's";
				FRAMEWORK_SEARCH_PATHS = (
					"\"$(SDKROOT)/Developer/Library/Frameworks\"",
					"\"$(DEVELOPER_LIBRARY_DIR)/Frameworks\"",
				);
				GCC_PRECOMPILE_PREFIX_HEADER = YES;
				GCC_PREFIX_HEADER = "Hershey's/Hershey's-Prefix.pch";
				INFOPLIST_FILE = "Hershey'sTests/Hershey'sTests-Info.plist";
				PRODUCT_NAME = "$(TARGET_NAME)";
				TEST_HOST = "$(BUNDLE_LOADER)";
				WRAPPER_EXTENSION = octest;
			};
			name = Release;
		};
/* End XCBuildConfiguration section */

/* Begin XCConfigurationList section */
		FA08E7A217A437AB00EA989B /* Build configuration list for PBXProject "Hershey's" */ = {
			isa = XCConfigurationList;
			buildConfigurations = (
				FA08E7E017A437AB00EA989B /* Debug */,
				FA08E7E117A437AB00EA989B /* Release */,
			);
			defaultConfigurationIsVisible = 0;
			defaultConfigurationName = Release;
		};
		FA08E7E217A437AB00EA989B /* Build configuration list for PBXNativeTarget "Hershey's" */ = {
			isa = XCConfigurationList;
			buildConfigurations = (
				FA08E7E317A437AB00EA989B /* Debug */,
				FA08E7E417A437AB00EA989B /* Release */,
			);
			defaultConfigurationIsVisible = 0;
		};
		FA08E7E517A437AB00EA989B /* Build configuration list for PBXNativeTarget "Hershey'sTests" */ = {
			isa = XCConfigurationList;
			buildConfigurations = (
				FA08E7E617A437AB00EA989B /* Debug */,
				FA08E7E717A437AB00EA989B /* Release */,
			);
			defaultConfigurationIsVisible = 0;
		};
/* End XCConfigurationList section */
	};
	rootObject = FA08E79F17A437AB00EA989B /* Project object */;
}
